
Microsoft Visual Studio Solution File, Format Version 12.00
# Visual Studio Version 17
VisualStudioVersion = 17.14.36623.8 d17.14
MinimumVisualStudioVersion = 10.0.40219.1
Project("{FAE04EC0-301F-11D3-BF4B-00C04F79EFBC}") = "RabotaSAudio", "RabotaSAudio\RabotaSAudio.csproj", "{BA972C8B-C7D2-408A-9B60-69A2AC389F7C}"
EndProject
Global
	GlobalSection(SolutionConfigurationPlatforms) = preSolution
		Debug|Any CPU = Debug|Any CPU
		Release|Any CPU = Release|Any CPU
	EndGlobalSection
	GlobalSection(ProjectConfigurationPlatforms) = postSolution
		{BA972C8B-C7D2-408A-9B60-69A2AC389F7C}.Debug|Any CPU.ActiveCfg = Debug|Any CPU
		{BA972C8B-C7D2-408A-9B60-69A2AC389F7C}.Debug|Any CPU.Build.0 = Debug|Any CPU
		{BA972C8B-C7D2-408A-9B60-69A2AC389F7C}.Release|Any CPU.ActiveCfg = Release|Any CPU
		{BA972C8B-C7D2-408A-9B60-69A2AC389F7C}.Release|Any CPU.Build.0 = Release|Any CPU
	EndGlobalSection
	GlobalSection(SolutionProperties) = preSolution
		HideSolutionNode = FALSE
	EndGlobalSection
	GlobalSection(ExtensibilityGlobals) = postSolution
		SolutionGuid = {01A1E339-4219-4C1D-AD8B-47A1087F4296}
	EndGlobalSection
EndGlobal
