
Microsoft Visual Studio Solution File, Format Version 12.00
# Visual Studio Version 17
VisualStudioVersion = 17.14.36623.8 d17.14
MinimumVisualStudioVersion = 10.0.40219.1
Project("{FAE04EC0-301F-11D3-BF4B-00C04F79EFBC}") = "KonverterRegistra", "KonverterRegistra\KonverterRegistra.csproj", "{F3853499-88F6-4E62-9661-25389A7241A3}"
EndProject
Global
	GlobalSection(SolutionConfigurationPlatforms) = preSolution
		Debug|Any CPU = Debug|Any CPU
		Release|Any CPU = Release|Any CPU
	EndGlobalSection
	GlobalSection(ProjectConfigurationPlatforms) = postSolution
		{F3853499-88F6-4E62-9661-25389A7241A3}.Debug|Any CPU.ActiveCfg = Debug|Any CPU
		{F3853499-88F6-4E62-9661-25389A7241A3}.Debug|Any CPU.Build.0 = Debug|Any CPU
		{F3853499-88F6-4E62-9661-25389A7241A3}.Release|Any CPU.ActiveCfg = Release|Any CPU
		{F3853499-88F6-4E62-9661-25389A7241A3}.Release|Any CPU.Build.0 = Release|Any CPU
	EndGlobalSection
	GlobalSection(SolutionProperties) = preSolution
		HideSolutionNode = FALSE
	EndGlobalSection
	GlobalSection(ExtensibilityGlobals) = postSolution
		SolutionGuid = {34FCB43F-A5E6-4849-A698-F02F05905356}
	EndGlobalSection
EndGlobal
