
Microsoft Visual Studio Solution File, Format Version 12.00
# Visual Studio Version 17
VisualStudioVersion = 17.14.36623.8 d17.14
MinimumVisualStudioVersion = 10.0.40219.1
Project("{FAE04EC0-301F-11D3-BF4B-00C04F79EFBC}") = "Shifrovanie", "Shifrovanie\Shifrovanie.csproj", "{0118AE17-9D3B-40A5-9030-B90A77F39757}"
EndProject
Global
	GlobalSection(SolutionConfigurationPlatforms) = preSolution
		Debug|Any CPU = Debug|Any CPU
		Release|Any CPU = Release|Any CPU
	EndGlobalSection
	GlobalSection(ProjectConfigurationPlatforms) = postSolution
		{0118AE17-9D3B-40A5-9030-B90A77F39757}.Debug|Any CPU.ActiveCfg = Debug|Any CPU
		{0118AE17-9D3B-40A5-9030-B90A77F39757}.Debug|Any CPU.Build.0 = Debug|Any CPU
		{0118AE17-9D3B-40A5-9030-B90A77F39757}.Release|Any CPU.ActiveCfg = Release|Any CPU
		{0118AE17-9D3B-40A5-9030-B90A77F39757}.Release|Any CPU.Build.0 = Release|Any CPU
	EndGlobalSection
	GlobalSection(SolutionProperties) = preSolution
		HideSolutionNode = FALSE
	EndGlobalSection
	GlobalSection(ExtensibilityGlobals) = postSolution
		SolutionGuid = {E38B8544-6ECD-492E-A6E3-598EAC56E365}
	EndGlobalSection
EndGlobal
