
Microsoft Visual Studio Solution File, Format Version 12.00
# Visual Studio Version 17
VisualStudioVersion = 17.14.36623.8 d17.14
MinimumVisualStudioVersion = 10.0.40219.1
Project("{FAE04EC0-301F-11D3-BF4B-00C04F79EFBC}") = "GeneratorChisel", "GeneratorChisel\GeneratorChisel.csproj", "{273909CA-AA8C-44D4-BE77-9CB1D25C3641}"
EndProject
Global
	GlobalSection(SolutionConfigurationPlatforms) = preSolution
		Debug|Any CPU = Debug|Any CPU
		Release|Any CPU = Release|Any CPU
	EndGlobalSection
	GlobalSection(ProjectConfigurationPlatforms) = postSolution
		{273909CA-AA8C-44D4-BE77-9CB1D25C3641}.Debug|Any CPU.ActiveCfg = Debug|Any CPU
		{273909CA-AA8C-44D4-BE77-9CB1D25C3641}.Debug|Any CPU.Build.0 = Debug|Any CPU
		{273909CA-AA8C-44D4-BE77-9CB1D25C3641}.Release|Any CPU.ActiveCfg = Release|Any CPU
		{273909CA-AA8C-44D4-BE77-9CB1D25C3641}.Release|Any CPU.Build.0 = Release|Any CPU
	EndGlobalSection
	GlobalSection(SolutionProperties) = preSolution
		HideSolutionNode = FALSE
	EndGlobalSection
	GlobalSection(ExtensibilityGlobals) = postSolution
		SolutionGuid = {0D7CD81A-6FE6-42E8-9AD8-AFC8F041DFA4}
	EndGlobalSection
EndGlobal
